
Microsoft Visual Studio Solution File, Format Version 12.00
# Visual Studio Version 16
VisualStudioVersion = 16.0.30404.54
MinimumVisualStudioVersion = 10.0.40219.1
Project("{9A19103F-16F7-4668-BE54-9A1E7A4F7556}") = "Tests", "Tests\Tests.csproj", "{1AAC651D-8862-40C4-9CDE-142618CECEFF}"
EndProject
Project("{9A19103F-16F7-4668-BE54-9A1E7A4F7556}") = "Calc", "Calc\Calc.csproj", "{BD6880EB-F3FF-4C40-830F-2C9022AA18AE}"
EndProject
Project("{2150E333-8FDC-42A3-9474-1A3956D46DE8}") = "Solution Items", "Solution Items", "{A51AA470-C12D-444E-885A-D5FDAF5C4163}"
	ProjectSection(SolutionItems) = preProject
		build.ps1 = build.ps1
		README.md = README.md
	EndProjectSection
EndProject
Project("{9A19103F-16F7-4668-BE54-9A1E7A4F7556}") = "MKLNET", "MKLNET\MKLNET.csproj", "{60722BFD-F932-401E-9FC7-7879CEE9DA8A}"
EndProject
Global
	GlobalSection(SolutionConfigurationPlatforms) = preSolution
		Debug|Any CPU = Debug|Any CPU
		Release|Any CPU = Release|Any CPU
	EndGlobalSection
	GlobalSection(ProjectConfigurationPlatforms) = postSolution
		{1AAC651D-8862-40C4-9CDE-142618CECEFF}.Debug|Any CPU.ActiveCfg = Debug|Any CPU
		{1AAC651D-8862-40C4-9CDE-142618CECEFF}.Debug|Any CPU.Build.0 = Debug|Any CPU
		{1AAC651D-8862-40C4-9CDE-142618CECEFF}.Release|Any CPU.ActiveCfg = Release|Any CPU
		{1AAC651D-8862-40C4-9CDE-142618CECEFF}.Release|Any CPU.Build.0 = Release|Any CPU
		{BD6880EB-F3FF-4C40-830F-2C9022AA18AE}.Debug|Any CPU.ActiveCfg = Debug|Any CPU
		{BD6880EB-F3FF-4C40-830F-2C9022AA18AE}.Debug|Any CPU.Build.0 = Debug|Any CPU
		{BD6880EB-F3FF-4C40-830F-2C9022AA18AE}.Release|Any CPU.ActiveCfg = Release|Any CPU
		{BD6880EB-F3FF-4C40-830F-2C9022AA18AE}.Release|Any CPU.Build.0 = Release|Any CPU
		{60722BFD-F932-401E-9FC7-7879CEE9DA8A}.Debug|Any CPU.ActiveCfg = Debug|Any CPU
		{60722BFD-F932-401E-9FC7-7879CEE9DA8A}.Debug|Any CPU.Build.0 = Debug|Any CPU
		{60722BFD-F932-401E-9FC7-7879CEE9DA8A}.Release|Any CPU.ActiveCfg = Release|Any CPU
		{60722BFD-F932-401E-9FC7-7879CEE9DA8A}.Release|Any CPU.Build.0 = Release|Any CPU
	EndGlobalSection
	GlobalSection(SolutionProperties) = preSolution
		HideSolutionNode = FALSE
	EndGlobalSection
	GlobalSection(ExtensibilityGlobals) = postSolution
		SolutionGuid = {52360424-AD15-4797-94DD-B65D7FE4CFAA}
	EndGlobalSection
EndGlobal
